{
    "name": "you-betcha",
    "version": "1.0.0",
    "lockfileVersion": 2,
    "requires": true,
    "packages": {
        "": {
            "name": "you-betcha",
            "version": "1.0.0",
            "license": "ISC",
            "engines": {
                "node": "16.14.2",
                "npm": "8.5.0"
            }
        }
    }
}
